{
  "name": "js",
  "version": "1.0.0",
  "lockfileVersion": 1,
  "requires": true,
  "dependencies": {
    "@sindresorhus/slugify": {
      "version": "2.1.0",
      "resolved": "https://registry.npmjs.org/@sindresorhus/slugify/-/slugify-2.1.0.tgz",
      "integrity": "sha512-gU3Gdm/V167BmUwIn8APHZ3SeeRVRUSOdXxnt7Q/JkUHLXaaTA/prYmoRumwsSitJZWUDYMzDWdWgrOdvE8IRQ==",
      "requires": {
        "@sindresorhus/transliterate": "^1.0.0",
        "escape-string-regexp": "^5.0.0"
      }
    },
    "@sindresorhus/transliterate": {
      "version": "1.5.0",
      "resolved": "https://registry.npmjs.org/@sindresorhus/transliterate/-/transliterate-1.5.0.tgz",
      "integrity": "sha512-/sfSkoNelLq5riqNRp5uBjHIKBi1MWZk9ubRT1WiBQuTfmDf7BeQkph2DJzRB83QagMPHk2VDjuvpy0VuwyzdA==",
      "requires": {
        "escape-string-regexp": "^5.0.0",
        "lodash.deburr": "^4.1.0"
      }
    },
    "camelcase": {
      "version": "6.3.0",
      "resolved": "https://registry.npmjs.org/camelcase/-/camelcase-6.3.0.tgz",
      "integrity": "sha512-Gmy6FhYlCY7uOElZUSbxo2UCDH8owEk996gkbrpsgGtrJLM3J7jGxl9Ic7Qwwj4ivOE5AWZWRMecDdF7hqGjFA=="
    },
    "escape-string-regexp": {
      "version": "5.0.0",
      "resolved": "https://registry.npmjs.org/escape-string-regexp/-/escape-string-regexp-5.0.0.tgz",
      "integrity": "sha512-/veY75JbMK4j1yjvuUxuVsiS/hr/4iHs9FTT6cgTexxdE0Ly/glccBAkloH/DofkjRbZU3bnoj38mOmhkZ0lHw=="
    },
    "lodash.deburr": {
      "version": "4.1.0",
      "resolved": "https://registry.npmjs.org/lodash.deburr/-/lodash.deburr-4.1.0.tgz",
      "integrity": "sha1-3bG7s+8HRYwBd7oH3hRCLLAz/5s="
    },
    "template-literal": {
      "version": "1.0.4",
      "resolved": "https://registry.npmjs.org/template-literal/-/template-literal-1.0.4.tgz",
      "integrity": "sha512-agK7G5gEHyBULuXCHm7vlTB2K8wlxktoF/rTinxyJTGkK8BPeECfTULcscx2p6nrQCr/VvWGzP70HOY1vbDcKw=="
    },
    "webidl2": {
      "version": "24.2.0",
      "resolved": "https://registry.npmjs.org/webidl2/-/webidl2-24.2.0.tgz",
      "integrity": "sha512-Danl5J4EIs3c9uZSd261xY2HxMgy9PSlybdm4f+uuskBuxPelcKGEVlk6HDCw0WTUnaJ6ovx0qOcR5pikAujKQ=="
    }
  }
}
