# THIS IS AN AUTOGENERATED FILE. DO NOT EDIT THIS FILE DIRECTLY.
# yarn lockfile v1


"@napi-rs/cli@^2.10.0":
  version "2.11.4"
  resolved "https://registry.yarnpkg.com/@napi-rs/cli/-/cli-2.11.4.tgz#28bea72dd6758ce7fc94d515493c5bd1ef00b6ec"
  integrity sha512-rjU651owB4GJetO3pnu3B8TyVM3Fis3AYb+U16bKxYyykp81S+dJlIgWc8Lc0t55PYbHlBM3hxdgy4pultxMAw==

"@napi-rs/triples@^1.1.0":
  version "1.1.0"
  resolved "https://registry.yarnpkg.com/@napi-rs/triples/-/triples-1.1.0.tgz#88c35b72e79a20b79bb4c9b3e2817241a1c9f4f9"
  integrity sha512-XQr74QaLeMiqhStEhLn1im9EOMnkypp7MZOwQhGzqp2Weu5eQJbpPxWxixxlYRKWPOmJjsk6qYfYH9kq43yc2w==

"@node-rs/helper@^1.3.3":
  version "1.3.3"
  resolved "https://registry.yarnpkg.com/@node-rs/helper/-/helper-1.3.3.tgz#2b1953846ddba31bfb7ecf4ba57e7b1359fcdedc"
  integrity sha512-p4OdfQObGN9YFy5WZaGwlPYICQSe7xZYyXB0sxREmvj1HzGKp5bPg2PlfgfMZEfnjIA882B9ZrnagYzZihIwjA==
  dependencies:
    "@napi-rs/triples" "^1.1.0"

"@octokit/app@^13.0.5":
  version "13.0.8"
  resolved "https://registry.yarnpkg.com/@octokit/app/-/app-13.0.8.tgz#9f0c811b56eab90c3ee678bc6ae9aa4e48481b3d"
  integrity sha512-rfU7PY8gxZugDUMkNAgXhaUQuOvZWuhclCkc1Np50QYsYM3+HswoJGgOwiRMnuema1qMxBbeeAFnVVCjcIWisA==
  dependencies:
    "@octokit/auth-app" "^4.0.0"
    "@octokit/auth-unauthenticated" "^3.0.0"
    "@octokit/core" "^4.0.0"
    "@octokit/oauth-app" "^4.0.7"
    "@octokit/plugin-paginate-rest" "^4.0.0"
    "@octokit/types" "^7.0.0"
    "@octokit/webhooks" "^10.0.0"

"@octokit/auth-app@^4.0.0":
  version "4.0.5"
  resolved "https://registry.yarnpkg.com/@octokit/auth-app/-/auth-app-4.0.5.tgz#0e52752c37340ae8686617b7ce188e4cae6d7ba1"
  integrity sha512-fCbi4L/egsP3p4p1SelOFORM/m/5KxROhHdcIW5Lb17DDdW61fGT8y3wGpfiSeYNuulwF5QIfzJ7tdgtHNAymA==
  dependencies:
    "@octokit/auth-oauth-app" "^5.0.0"
    "@octokit/auth-oauth-user" "^2.0.0"
    "@octokit/request" "^6.0.0"
    "@octokit/request-error" "^3.0.0"
    "@octokit/types" "^7.0.0"
    "@types/lru-cache" "^5.1.0"
    deprecation "^2.3.1"
    lru-cache "^6.0.0"
    universal-github-app-jwt "^1.0.1"
    universal-user-agent "^6.0.0"

"@octokit/auth-oauth-app@^5.0.0":
  version "5.0.2"
  resolved "https://registry.yarnpkg.com/@octokit/auth-oauth-app/-/auth-oauth-app-5.0.2.tgz#7a319e070b56da85bd9c8143934addcfe1f0b5c7"
  integrity sha512-6hHchPIw4fpB9J0tUT9cPpXG8aotp9xDvuUh8owyHWaXC7uHgnJmvDmEUb2X7qoU3KXqejB3nhm3u94q2p5EIg==
  dependencies:
    "@octokit/auth-oauth-device" "^4.0.0"
    "@octokit/auth-oauth-user" "^2.0.0"
    "@octokit/request" "^5.6.3"
    "@octokit/types" "^7.0.0"
    "@types/btoa-lite" "^1.0.0"
    btoa-lite "^1.0.0"
    universal-user-agent "^6.0.0"

"@octokit/auth-oauth-device@^4.0.0":
  version "4.0.2"
  resolved "https://registry.yarnpkg.com/@octokit/auth-oauth-device/-/auth-oauth-device-4.0.2.tgz#80b3b1efe3aae884e15f681e25e19843a8ce6d87"
  integrity sha512-h5Ir0q5c6dHZwWMrSWMvgu3JyuH7qCPJ0kB9jNYDugsAob69N65ebA3E5FWPUN6hGJguZpy3CRmqejTx7aSobQ==
  dependencies:
    "@octokit/oauth-methods" "^2.0.0"
    "@octokit/request" "^6.0.0"
    "@octokit/types" "^7.0.0"
    universal-user-agent "^6.0.0"

"@octokit/auth-oauth-user@^2.0.0":
  version "2.0.3"
  resolved "https://registry.yarnpkg.com/@octokit/auth-oauth-user/-/auth-oauth-user-2.0.3.tgz#27ef49d87d31848e8a45973cd5396e9eb2b1b59d"
  integrity sha512-NMGTTGa1j6JVtlpZUOrhi1RxBjHaogS0p59qV8HtFOx3Rgq503xfjjA8npyVbRuAf30iW/K5YueZKivMkhBITA==
  dependencies:
    "@octokit/auth-oauth-device" "^4.0.0"
    "@octokit/oauth-methods" "^2.0.0"
    "@octokit/request" "^6.0.0"
    "@octokit/types" "^7.0.0"
    btoa-lite "^1.0.0"
    universal-user-agent "^6.0.0"

"@octokit/auth-token@^3.0.0":
  version "3.0.1"
  resolved "https://registry.yarnpkg.com/@octokit/auth-token/-/auth-token-3.0.1.tgz#88bc2baf5d706cb258474e722a720a8365dff2ec"
  integrity sha512-/USkK4cioY209wXRpund6HZzHo9GmjakpV9ycOkpMcMxMk7QVcVFVyCMtzvXYiHsB2crgDgrtNYSELYFBXhhaA==
  dependencies:
    "@octokit/types" "^7.0.0"

"@octokit/auth-unauthenticated@^3.0.0":
  version "3.0.2"
  resolved "https://registry.yarnpkg.com/@octokit/auth-unauthenticated/-/auth-unauthenticated-3.0.2.tgz#cccba78bfeee7bd3b127491cee4a8dba3a89be25"
  integrity sha512-wCGPQaXynH2wtqABsHukY06VPw4zHXtfbE/maEngj2k9h9o2hfzC6WAzzjExyISgRnDc9ae/HXzKakUWvWSb2Q==
  dependencies:
    "@octokit/request-error" "^3.0.0"
    "@octokit/types" "^7.0.0"

"@octokit/core@^4.0.0", "@octokit/core@^4.0.4":
  version "4.0.5"
  resolved "https://registry.yarnpkg.com/@octokit/core/-/core-4.0.5.tgz#589e68c0a35d2afdcd41dafceab072c2fbc6ab5f"
  integrity sha512-4R3HeHTYVHCfzSAi0C6pbGXV8UDI5Rk+k3G7kLVNckswN9mvpOzW9oENfjfH3nEmzg8y3AmKmzs8Sg6pLCeOCA==
  dependencies:
    "@octokit/auth-token" "^3.0.0"
    "@octokit/graphql" "^5.0.0"
    "@octokit/request" "^6.0.0"
    "@octokit/request-error" "^3.0.0"
    "@octokit/types" "^7.0.0"
    before-after-hook "^2.2.0"
    universal-user-agent "^6.0.0"

"@octokit/endpoint@^6.0.1":
  version "6.0.12"
  resolved "https://registry.yarnpkg.com/@octokit/endpoint/-/endpoint-6.0.12.tgz#3b4d47a4b0e79b1027fb8d75d4221928b2d05658"
  integrity sha512-lF3puPwkQWGfkMClXb4k/eUT/nZKQfxinRWJrdZaJO85Dqwo/G0yOC434Jr2ojwafWJMYqFGFa5ms4jJUgujdA==
  dependencies:
    "@octokit/types" "^6.0.3"
    is-plain-object "^5.0.0"
    universal-user-agent "^6.0.0"

"@octokit/endpoint@^7.0.0":
  version "7.0.2"
  resolved "https://registry.yarnpkg.com/@octokit/endpoint/-/endpoint-7.0.2.tgz#11ee868406ba7bb1642e61bbe676d641f79f02be"
  integrity sha512-8/AUACfE9vpRpehE6ZLfEtzkibe5nfsSwFZVMsG8qabqRt1M81qZYUFRZa1B8w8lP6cdfDJfRq9HWS+MbmR7tw==
  dependencies:
    "@octokit/types" "^7.0.0"
    is-plain-object "^5.0.0"
    universal-user-agent "^6.0.0"

"@octokit/graphql@^5.0.0":
  version "5.0.1"
  resolved "https://registry.yarnpkg.com/@octokit/graphql/-/graphql-5.0.1.tgz#a06982514ad131fb6fbb9da968653b2233fade9b"
  integrity sha512-sxmnewSwAixkP1TrLdE6yRG53eEhHhDTYUykUwdV9x8f91WcbhunIHk9x1PZLALdBZKRPUO2HRcm4kezZ79HoA==
  dependencies:
    "@octokit/request" "^6.0.0"
    "@octokit/types" "^7.0.0"
    universal-user-agent "^6.0.0"

"@octokit/oauth-app@^4.0.6", "@octokit/oauth-app@^4.0.7":
  version "4.0.8"
  resolved "https://registry.yarnpkg.com/@octokit/oauth-app/-/oauth-app-4.0.8.tgz#e9d0ea976092a72f6b9460c4efcb56d0ec781415"
  integrity sha512-bPZNtV2KD8x9deUa+gLX1o6IhIMFwt6UlVZNJTnS9zSCbTpnmWzHhrZr86nM3fKOvU/KPyz40zJMGsoLtvaOgw==
  dependencies:
    "@octokit/auth-oauth-app" "^5.0.0"
    "@octokit/auth-oauth-user" "^2.0.0"
    "@octokit/auth-unauthenticated" "^3.0.0"
    "@octokit/core" "^4.0.0"
    "@octokit/oauth-authorization-url" "^5.0.0"
    "@octokit/oauth-methods" "^2.0.0"
    "@types/aws-lambda" "^8.10.83"
    fromentries "^1.3.1"
    universal-user-agent "^6.0.0"

"@octokit/oauth-authorization-url@^5.0.0":
  version "5.0.0"
  resolved "https://registry.yarnpkg.com/@octokit/oauth-authorization-url/-/oauth-authorization-url-5.0.0.tgz#029626ce87f3b31addb98cd0d2355c2381a1c5a1"
  integrity sha512-y1WhN+ERDZTh0qZ4SR+zotgsQUE1ysKnvBt1hvDRB2WRzYtVKQjn97HEPzoehh66Fj9LwNdlZh+p6TJatT0zzg==

"@octokit/oauth-methods@^2.0.0":
  version "2.0.3"
  resolved "https://registry.yarnpkg.com/@octokit/oauth-methods/-/oauth-methods-2.0.3.tgz#b67c3e24d52cdfedcc752f7d2f44027146c86567"
  integrity sha512-XM+pPsj6TB9zXHfGszZmIp2zRShjQuwGLEKbkOQ7mZBHBPpx0TRzSYwUbwiAJsWefkPUXgr7i0qFsxLr/Uciyg==
  dependencies:
    "@octokit/oauth-authorization-url" "^5.0.0"
    "@octokit/request" "^6.0.0"
    "@octokit/request-error" "^3.0.0"
    "@octokit/types" "^7.0.0"
    btoa-lite "^1.0.0"

"@octokit/openapi-types@^12.11.0":
  version "12.11.0"
  resolved "https://registry.yarnpkg.com/@octokit/openapi-types/-/openapi-types-12.11.0.tgz#da5638d64f2b919bca89ce6602d059f1b52d3ef0"
  integrity sha512-VsXyi8peyRq9PqIz/tpqiL2w3w80OgVMwBHltTml3LmVvXiphgeqmY9mvBw9Wu7e0QWk/fqD37ux8yP5uVekyQ==

"@octokit/openapi-types@^13.9.0":
  version "13.9.0"
  resolved "https://registry.yarnpkg.com/@octokit/openapi-types/-/openapi-types-13.9.0.tgz#847a31b174b44f33a09615a83bc20eeaa59e9ce0"
  integrity sha512-MOYjRyLIM0zzNb9RfEwVK6HLIc2nIF2OMVtMqiNOGbX0SHrQvQbI6X1K16ktmaHr8WUBv+eeul8cD9mz4rNiWQ==

"@octokit/plugin-paginate-rest@^4.0.0":
  version "4.2.2"
  resolved "https://registry.yarnpkg.com/@octokit/plugin-paginate-rest/-/plugin-paginate-rest-4.2.2.tgz#3923b03c0ecf45ff7b3686eba86d2cb2558b30f0"
  integrity sha512-oslJFmdcWeB3Q8dzn2WNFBzEAvqCH+cvrjBUhS7uwQxAt5yH91w1eo2flWiR0Rqxh+EijQS5ImoB0iQ3hz7P2Q==
  dependencies:
    "@octokit/types" "^7.3.0"

"@octokit/plugin-rest-endpoint-methods@^6.0.0":
  version "6.5.0"
  resolved "https://registry.yarnpkg.com/@octokit/plugin-rest-endpoint-methods/-/plugin-rest-endpoint-methods-6.5.0.tgz#c793231ddb8926dffeda170f80aeb276fd9f0108"
  integrity sha512-+r/tWwc7hI3vYDb+d0hAqbr04Kle6pL+MmGxMDTUn7wIwry5qFXnUA8RCa5CO8EcuHbZLywnqIVRLdM08qV8Ew==
  dependencies:
    "@octokit/types" "^7.3.0"
    deprecation "^2.3.1"

"@octokit/plugin-retry@^3.0.9":
  version "3.0.9"
  resolved "https://registry.yarnpkg.com/@octokit/plugin-retry/-/plugin-retry-3.0.9.tgz#ae625cca1e42b0253049102acd71c1d5134788fe"
  integrity sha512-r+fArdP5+TG6l1Rv/C9hVoty6tldw6cE2pRHNGmFPdyfrc696R6JjrQ3d7HdVqGwuzfyrcaLAKD7K8TX8aehUQ==
  dependencies:
    "@octokit/types" "^6.0.3"
    bottleneck "^2.15.3"

"@octokit/plugin-throttling@^4.0.1":
  version "4.3.0"
  resolved "https://registry.yarnpkg.com/@octokit/plugin-throttling/-/plugin-throttling-4.3.0.tgz#8b45a4d3cca5f3d8ea6cbfbd185ee8d73daab869"
  integrity sha512-4H0HlCQoJMkLputwruBvMNl4tBRiDHMkMZQyyR8Nh0KwLFrbMW0vuQjwSNPqTqMhiQ5JpP2XKPifhHr8gIs2jQ==
  dependencies:
    "@octokit/types" "^7.0.0"
    bottleneck "^2.15.3"

"@octokit/request-error@^2.1.0":
  version "2.1.0"
  resolved "https://registry.yarnpkg.com/@octokit/request-error/-/request-error-2.1.0.tgz#9e150357831bfc788d13a4fd4b1913d60c74d677"
  integrity sha512-1VIvgXxs9WHSjicsRwq8PlR2LR2x6DwsJAaFgzdi0JfJoGSO8mYI/cHJQ+9FbN21aa+DrgNLnwObmyeSC8Rmpg==
  dependencies:
    "@octokit/types" "^6.0.3"
    deprecation "^2.0.0"
    once "^1.4.0"

"@octokit/request-error@^3.0.0":
  version "3.0.1"
  resolved "https://registry.yarnpkg.com/@octokit/request-error/-/request-error-3.0.1.tgz#3fd747913c06ab2195e52004a521889dadb4b295"
  integrity sha512-ym4Bp0HTP7F3VFssV88WD1ZyCIRoE8H35pXSKwLeMizcdZAYc/t6N9X9Yr9n6t3aG9IH75XDnZ6UeZph0vHMWQ==
  dependencies:
    "@octokit/types" "^7.0.0"
    deprecation "^2.0.0"
    once "^1.4.0"

"@octokit/request@^5.6.3":
  version "5.6.3"
  resolved "https://registry.yarnpkg.com/@octokit/request/-/request-5.6.3.tgz#19a022515a5bba965ac06c9d1334514eb50c48b0"
  integrity sha512-bFJl0I1KVc9jYTe9tdGGpAMPy32dLBXXo1dS/YwSCTL/2nd9XeHsY616RE3HPXDVk+a+dBuzyz5YdlXwcDTr2A==
  dependencies:
    "@octokit/endpoint" "^6.0.1"
    "@octokit/request-error" "^2.1.0"
    "@octokit/types" "^6.16.1"
    is-plain-object "^5.0.0"
    node-fetch "^2.6.7"
    universal-user-agent "^6.0.0"

"@octokit/request@^6.0.0":
  version "6.2.1"
  resolved "https://registry.yarnpkg.com/@octokit/request/-/request-6.2.1.tgz#3ceeb22dab09a29595d96594b6720fc14495cf4e"
  integrity sha512-gYKRCia3cpajRzDSU+3pt1q2OcuC6PK8PmFIyxZDWCzRXRSIBH8jXjFJ8ZceoygBIm0KsEUg4x1+XcYBz7dHPQ==
  dependencies:
    "@octokit/endpoint" "^7.0.0"
    "@octokit/request-error" "^3.0.0"
    "@octokit/types" "^7.0.0"
    is-plain-object "^5.0.0"
    node-fetch "^2.6.7"
    universal-user-agent "^6.0.0"

"@octokit/types@^6.0.3", "@octokit/types@^6.16.1":
  version "6.41.0"
  resolved "https://registry.yarnpkg.com/@octokit/types/-/types-6.41.0.tgz#e58ef78d78596d2fb7df9c6259802464b5f84a04"
  integrity sha512-eJ2jbzjdijiL3B4PrSQaSjuF2sPEQPVCPzBvTHJD9Nz+9dw2SGH4K4xeQJ77YfTq5bRQ+bD8wT11JbeDPmxmGg==
  dependencies:
    "@octokit/openapi-types" "^12.11.0"

"@octokit/types@^7.0.0", "@octokit/types@^7.3.0":
  version "7.3.0"
  resolved "https://registry.yarnpkg.com/@octokit/types/-/types-7.3.0.tgz#658f916c4a53b552a8f95f866589abae6dbfc7b5"
  integrity sha512-7Ar22AVxsJBYZuPkGQwFQybGt2YjuP6j6Z36bPntIYy3R9qSowB55mXOsb16hc0UqtJkYBrRMVXKlaX1OHsh1g==
  dependencies:
    "@octokit/openapi-types" "^13.9.0"

"@octokit/webhooks-methods@^3.0.0":
  version "3.0.0"
  resolved "https://registry.yarnpkg.com/@octokit/webhooks-methods/-/webhooks-methods-3.0.0.tgz#4f4443605233f46abc5f85a857ba105095aa1181"
  integrity sha512-FAIyAchH9JUKXugKMC17ERAXM/56vVJekwXOON46pmUDYfU7uXB4cFY8yc8nYr5ABqVI7KjRKfFt3mZF7OcyUA==

"@octokit/webhooks-types@6.3.6":
  version "6.3.6"
  resolved "https://registry.yarnpkg.com/@octokit/webhooks-types/-/webhooks-types-6.3.6.tgz#b211e42386463175ebc652c86d5c7433675986fc"
  integrity sha512-x6yBtWobk20OhOiJ4VWsH3iJ/30IG+VoDWSgS4Tiyidi2KOiBS3bL+AJrNuq4OyNuWOM/FbHQTp6KEZs1oPD/g==

"@octokit/webhooks@^10.0.0":
  version "10.1.5"
  resolved "https://registry.yarnpkg.com/@octokit/webhooks/-/webhooks-10.1.5.tgz#ba79b49ef0047a3cae7885387c5f20d4b341cd41"
  integrity sha512-sQkxM6l9HdG1vsHFj2T/o8SnCPDDxovcs0rsSd4UR5jJFNPCPIBRmFNVHfM37nncLKuTwIpmMeePphNf1k6Waw==
  dependencies:
    "@octokit/request-error" "^3.0.0"
    "@octokit/webhooks-methods" "^3.0.0"
    "@octokit/webhooks-types" "6.3.6"
    aggregate-error "^3.1.0"

"@sindresorhus/slugify@^2.1.0":
  version "2.1.0"
  resolved "https://registry.yarnpkg.com/@sindresorhus/slugify/-/slugify-2.1.0.tgz#1e252117008cd1121e4cdea9fc67767dd1653d25"
  integrity sha512-gU3Gdm/V167BmUwIn8APHZ3SeeRVRUSOdXxnt7Q/JkUHLXaaTA/prYmoRumwsSitJZWUDYMzDWdWgrOdvE8IRQ==
  dependencies:
    "@sindresorhus/transliterate" "^1.0.0"
    escape-string-regexp "^5.0.0"

"@sindresorhus/transliterate@^1.0.0":
  version "1.5.0"
  resolved "https://registry.yarnpkg.com/@sindresorhus/transliterate/-/transliterate-1.5.0.tgz#841109db51fe3158787c42a91c45c3ffea7589be"
  integrity sha512-/sfSkoNelLq5riqNRp5uBjHIKBi1MWZk9ubRT1WiBQuTfmDf7BeQkph2DJzRB83QagMPHk2VDjuvpy0VuwyzdA==
  dependencies:
    escape-string-regexp "^5.0.0"
    lodash.deburr "^4.1.0"

"@types/aws-lambda@^8.10.83":
  version "8.10.103"
  resolved "https://registry.yarnpkg.com/@types/aws-lambda/-/aws-lambda-8.10.103.tgz#9f0d748036a206ebe4a3eb19febc53b52ee36352"
  integrity sha512-mYWsrM5YPmnyJru7kMDX8RYSc486sDqVOP1kUdotthD3YjJ57iTBN3N7MMtL1qdVoPW2YmCnNnWscyidmPe6Gw==

"@types/btoa-lite@^1.0.0":
  version "1.0.0"
  resolved "https://registry.yarnpkg.com/@types/btoa-lite/-/btoa-lite-1.0.0.tgz#e190a5a548e0b348adb0df9ac7fa5f1151c7cca4"
  integrity sha512-wJsiX1tosQ+J5+bY5LrSahHxr2wT+uME5UDwdN1kg4frt40euqA+wzECkmq4t5QbveHiJepfdThgQrPw6KiSlg==

"@types/jsonwebtoken@^8.3.3":
  version "8.5.9"
  resolved "https://registry.yarnpkg.com/@types/jsonwebtoken/-/jsonwebtoken-8.5.9.tgz#2c064ecb0b3128d837d2764aa0b117b0ff6e4586"
  integrity sha512-272FMnFGzAVMGtu9tkr29hRL6bZj4Zs1KZNeHLnKqAvp06tAIcarTMwOh8/8bz4FmKRcMxZhZNeUAQsNLoiPhg==
  dependencies:
    "@types/node" "*"

"@types/lru-cache@^5.1.0":
  version "5.1.1"
  resolved "https://registry.yarnpkg.com/@types/lru-cache/-/lru-cache-5.1.1.tgz#c48c2e27b65d2a153b19bfc1a317e30872e01eef"
  integrity sha512-ssE3Vlrys7sdIzs5LOxCzTVMsU7i9oa/IaW92wF32JFb3CVczqOkru2xspuKczHEbG3nvmPY7IFqVmGGHdNbYw==

"@types/node@*":
  version "18.7.15"
  resolved "https://registry.yarnpkg.com/@types/node/-/node-18.7.15.tgz#20ae1ec80c57ee844b469f968a1cd511d4088b29"
  integrity sha512-XnjpaI8Bgc3eBag2Aw4t2Uj/49lLBSStHWfqKvIuXD7FIrZyMLWp8KuAFHAqxMZYTF9l08N1ctUn9YNybZJVmQ==

aggregate-error@^3.1.0:
  version "3.1.0"
  resolved "https://registry.yarnpkg.com/aggregate-error/-/aggregate-error-3.1.0.tgz#92670ff50f5359bdb7a3e0d40d0ec30c5737687a"
  integrity sha512-4I7Td01quW/RpocfNayFdFVk1qSuoh0E7JrbRJ16nH01HhKFQ88INq9Sd+nd72zqRySlr9BmDA8xlEJ6vJMrYA==
  dependencies:
    clean-stack "^2.0.0"
    indent-string "^4.0.0"

asn1@^0.2.4:
  version "0.2.6"
  resolved "https://registry.yarnpkg.com/asn1/-/asn1-0.2.6.tgz#0d3a7bb6e64e02a90c0303b31f292868ea09a08d"
  integrity sha512-ix/FxPn0MDjeyJ7i/yoHGFt/EX6LyNbxSEhPPXODPL+KB0VPk86UYfL0lMdy+KCnv+fmvIzySwaK5COwqVbWTQ==
  dependencies:
    safer-buffer "~2.1.0"

bcrypt-pbkdf@^1.0.2:
  version "1.0.2"
  resolved "https://registry.yarnpkg.com/bcrypt-pbkdf/-/bcrypt-pbkdf-1.0.2.tgz#a4301d389b6a43f9b67ff3ca11a3f6637e360e9e"
  integrity sha512-qeFIXtP4MSoi6NLqO12WfqARWWuCKi2Rn/9hJLEmtB5yTNr9DqFWkJRCf2qShWzPeAMRnOgCrq0sg/KLv5ES9w==
  dependencies:
    tweetnacl "^0.14.3"

before-after-hook@^2.2.0:
  version "2.2.2"
  resolved "https://registry.yarnpkg.com/before-after-hook/-/before-after-hook-2.2.2.tgz#a6e8ca41028d90ee2c24222f201c90956091613e"
  integrity sha512-3pZEU3NT5BFUo/AD5ERPWOgQOCZITni6iavr5AUw5AUwQjMlI0kzu5btnyD39AF0gUEsDPwJT+oY1ORBJijPjQ==

bottleneck@^2.15.3:
  version "2.19.5"
  resolved "https://registry.yarnpkg.com/bottleneck/-/bottleneck-2.19.5.tgz#5df0b90f59fd47656ebe63c78a98419205cadd91"
  integrity sha512-VHiNCbI1lKdl44tGrhNfU3lup0Tj/ZBMJB5/2ZbNXRCPuRCO7ed2mgcK4r17y+KB2EfuYuRaVlwNbAeaWGSpbw==

btoa-lite@^1.0.0:
  version "1.0.0"
  resolved "https://registry.yarnpkg.com/btoa-lite/-/btoa-lite-1.0.0.tgz#337766da15801210fdd956c22e9c6891ab9d0337"
  integrity sha512-gvW7InbIyF8AicrqWoptdW08pUxuhq8BEgowNajy9RhiE86fmGAGl+bLKo6oB8QP0CkqHLowfN0oJdKC/J6LbA==

buffer-equal-constant-time@1.0.1:
  version "1.0.1"
  resolved "https://registry.yarnpkg.com/buffer-equal-constant-time/-/buffer-equal-constant-time-1.0.1.tgz#f8e71132f7ffe6e01a5c9697a4c6f3e48d5cc819"
  integrity sha512-zRpUiDwd/xk6ADqPMATG8vc9VPrkck7T07OIx0gnjmJAnHnTVXNQG3vfvWNuiZIkwu9KrKdA1iJKfsfTVxE6NA==

buildcheck@0.0.3:
  version "0.0.3"
  resolved "https://registry.yarnpkg.com/buildcheck/-/buildcheck-0.0.3.tgz#70451897a95d80f7807e68fc412eb2e7e35ff4d5"
  integrity sha512-pziaA+p/wdVImfcbsZLNF32EiWyujlQLwolMqUQE8xpKNOH7KmZQaY8sXN7DGOEzPAElo9QTaeNRfGnf3iOJbA==

camelcase@^6.3.0:
  version "6.3.0"
  resolved "https://registry.yarnpkg.com/camelcase/-/camelcase-6.3.0.tgz#5685b95eb209ac9c0c177467778c9c84df58ba9a"
  integrity sha512-Gmy6FhYlCY7uOElZUSbxo2UCDH8owEk996gkbrpsgGtrJLM3J7jGxl9Ic7Qwwj4ivOE5AWZWRMecDdF7hqGjFA==

chalk@^5.0.1:
  version "5.0.1"
  resolved "https://registry.yarnpkg.com/chalk/-/chalk-5.0.1.tgz#ca57d71e82bb534a296df63bbacc4a1c22b2a4b6"
  integrity sha512-Fo07WOYGqMfCWHOzSXOt2CxDbC6skS/jO9ynEcmpANMoPrD+W1r1K6Vx7iNm+AQmETU1Xr2t+n8nzkV9t6xh3w==

clean-stack@^2.0.0:
  version "2.2.0"
  resolved "https://registry.yarnpkg.com/clean-stack/-/clean-stack-2.2.0.tgz#ee8472dbb129e727b31e8a10a427dee9dfe4008b"
  integrity sha512-4diC9HaTE+KRAMWhDhrGOECgWZxoevMc5TlkObMqNSsVU62PYzXZ/SMTjzyGAFF1YusgxGcSWTEXBhp0CPwQ1A==

cpu-features@~0.0.4:
  version "0.0.4"
  resolved "https://registry.yarnpkg.com/cpu-features/-/cpu-features-0.0.4.tgz#0023475bb4f4c525869c162e4108099e35bf19d8"
  integrity sha512-fKiZ/zp1mUwQbnzb9IghXtHtDoTMtNeb8oYGx6kX2SYfhnG0HNdBEBIzB9b5KlXu5DQPhfy3mInbBxFcgwAr3A==
  dependencies:
    buildcheck "0.0.3"
    nan "^2.15.0"

deprecation@^2.0.0, deprecation@^2.3.1:
  version "2.3.1"
  resolved "https://registry.yarnpkg.com/deprecation/-/deprecation-2.3.1.tgz#6368cbdb40abf3373b525ac87e4a260c3a700919"
  integrity sha512-xmHIy4F3scKVwMsQ4WnVaS8bHOx0DmVwRywosKhaILI0ywMDWPtBSku2HNxRvF7jtwDRsoEwYQSfbxj8b7RlJQ==

dotenv@^16.0.2:
  version "16.0.2"
  resolved "https://registry.yarnpkg.com/dotenv/-/dotenv-16.0.2.tgz#0b0f8652c016a3858ef795024508cddc4bffc5bf"
  integrity sha512-JvpYKUmzQhYoIFgK2MOnF3bciIZoItIIoryihy0rIA+H4Jy0FmgyKYAHCTN98P5ybGSJcIFbh6QKeJdtZd1qhA==

ecdsa-sig-formatter@1.0.11:
  version "1.0.11"
  resolved "https://registry.yarnpkg.com/ecdsa-sig-formatter/-/ecdsa-sig-formatter-1.0.11.tgz#ae0f0fa2d85045ef14a817daa3ce9acd0489e5bf"
  integrity sha512-nagl3RYrbNv6kQkeJIpt6NJZy8twLB/2vtz6yN9Z4vRKHN4/QZJIEbqohALSgwKdnksuY3k5Addp5lg8sVoVcQ==
  dependencies:
    safe-buffer "^5.0.1"

escape-string-regexp@^5.0.0:
  version "5.0.0"
  resolved "https://registry.yarnpkg.com/escape-string-regexp/-/escape-string-regexp-5.0.0.tgz#4683126b500b61762f2dbebace1806e8be31b1c8"
  integrity sha512-/veY75JbMK4j1yjvuUxuVsiS/hr/4iHs9FTT6cgTexxdE0Ly/glccBAkloH/DofkjRbZU3bnoj38mOmhkZ0lHw==

fromentries@^1.3.1:
  version "1.3.2"
  resolved "https://registry.yarnpkg.com/fromentries/-/fromentries-1.3.2.tgz#e4bca6808816bf8f93b52750f1127f5a6fd86e3a"
  integrity sha512-cHEpEQHUg0f8XdtZCc2ZAhrHzKzT0MrFUTcvx+hfxYu7rGMDc5SKoXFh+n4YigxsHXRzc6OrCshdR1bWH6HHyg==

indent-string@^4.0.0:
  version "4.0.0"
  resolved "https://registry.yarnpkg.com/indent-string/-/indent-string-4.0.0.tgz#624f8f4497d619b2d9768531d58f4122854d7251"
  integrity sha512-EdDDZu4A2OyIK7Lr/2zG+w5jmbuk1DVBnEwREQvBzspBJkCEbRa8GxU1lghYcaGJCnRWibjDXlq779X1/y5xwg==

is-plain-object@^5.0.0:
  version "5.0.0"
  resolved "https://registry.yarnpkg.com/is-plain-object/-/is-plain-object-5.0.0.tgz#4427f50ab3429e9025ea7d52e9043a9ef4159344"
  integrity sha512-VRSzKkbMm5jMDoKLbltAkFQ5Qr7VDiTFGXxYFXXowVj387GeGNOCsOH6Msy00SGZ3Fp84b1Naa1psqgcCIEP5Q==

is-stream@^2.0.0:
  version "2.0.1"
  resolved "https://registry.yarnpkg.com/is-stream/-/is-stream-2.0.1.tgz#fac1e3d53b97ad5a9d0ae9cef2389f5810a5c077"
  integrity sha512-hFoiJiTl63nn+kstHGBtewWSKnQLpyb155KHheA1l39uvtO9nWIop1p3udqPcUd/xbF1VLMO4n7OI6p7RbngDg==

jsonwebtoken@^8.5.1:
  version "8.5.1"
  resolved "https://registry.yarnpkg.com/jsonwebtoken/-/jsonwebtoken-8.5.1.tgz#00e71e0b8df54c2121a1f26137df2280673bcc0d"
  integrity sha512-XjwVfRS6jTMsqYs0EsuJ4LGxXV14zQybNd4L2r0UvbVnSF9Af8x7p5MzbJ90Ioz/9TI41/hTCvznF/loiSzn8w==
  dependencies:
    jws "^3.2.2"
    lodash.includes "^4.3.0"
    lodash.isboolean "^3.0.3"
    lodash.isinteger "^4.0.4"
    lodash.isnumber "^3.0.3"
    lodash.isplainobject "^4.0.6"
    lodash.isstring "^4.0.1"
    lodash.once "^4.0.0"
    ms "^2.1.1"
    semver "^5.6.0"

jwa@^1.4.1:
  version "1.4.1"
  resolved "https://registry.yarnpkg.com/jwa/-/jwa-1.4.1.tgz#743c32985cb9e98655530d53641b66c8645b039a"
  integrity sha512-qiLX/xhEEFKUAJ6FiBMbes3w9ATzyk5W7Hvzpa/SLYdxNtng+gcurvrI7TbACjIXlsJyr05/S1oUhZrc63evQA==
  dependencies:
    buffer-equal-constant-time "1.0.1"
    ecdsa-sig-formatter "1.0.11"
    safe-buffer "^5.0.1"

jws@^3.2.2:
  version "3.2.2"
  resolved "https://registry.yarnpkg.com/jws/-/jws-3.2.2.tgz#001099f3639468c9414000e99995fa52fb478304"
  integrity sha512-YHlZCB6lMTllWDtSPHz/ZXTsi8S00usEV6v1tjq8tOUZzw7DpSDWVXjXDre6ed1w/pd495ODpHZYSdkRTsa0HA==
  dependencies:
    jwa "^1.4.1"
    safe-buffer "^5.0.1"

lodash.deburr@^4.1.0:
  version "4.1.0"
  resolved "https://registry.yarnpkg.com/lodash.deburr/-/lodash.deburr-4.1.0.tgz#ddb1bbb3ef07458c0177ba07de14422cb033ff9b"
  integrity sha512-m/M1U1f3ddMCs6Hq2tAsYThTBDaAKFDX3dwDo97GEYzamXi9SqUpjWi/Rrj/gf3X2n8ktwgZrlP1z6E3v/IExQ==

lodash.includes@^4.3.0:
  version "4.3.0"
  resolved "https://registry.yarnpkg.com/lodash.includes/-/lodash.includes-4.3.0.tgz#60bb98a87cb923c68ca1e51325483314849f553f"
  integrity sha512-W3Bx6mdkRTGtlJISOvVD/lbqjTlPPUDTMnlXZFnVwi9NKJ6tiAk6LVdlhZMm17VZisqhKcgzpO5Wz91PCt5b0w==

lodash.isboolean@^3.0.3:
  version "3.0.3"
  resolved "https://registry.yarnpkg.com/lodash.isboolean/-/lodash.isboolean-3.0.3.tgz#6c2e171db2a257cd96802fd43b01b20d5f5870f6"
  integrity sha512-Bz5mupy2SVbPHURB98VAcw+aHh4vRV5IPNhILUCsOzRmsTmSQ17jIuqopAentWoehktxGd9e/hbIXq980/1QJg==

lodash.isinteger@^4.0.4:
  version "4.0.4"
  resolved "https://registry.yarnpkg.com/lodash.isinteger/-/lodash.isinteger-4.0.4.tgz#619c0af3d03f8b04c31f5882840b77b11cd68343"
  integrity sha512-DBwtEWN2caHQ9/imiNeEA5ys1JoRtRfY3d7V9wkqtbycnAmTvRRmbHKDV4a0EYc678/dia0jrte4tjYwVBaZUA==

lodash.isnumber@^3.0.3:
  version "3.0.3"
  resolved "https://registry.yarnpkg.com/lodash.isnumber/-/lodash.isnumber-3.0.3.tgz#3ce76810c5928d03352301ac287317f11c0b1ffc"
  integrity sha512-QYqzpfwO3/CWf3XP+Z+tkQsfaLL/EnUlXWVkIk5FUPc4sBdTehEqZONuyRt2P67PXAk+NXmTBcc97zw9t1FQrw==

lodash.isplainobject@^4.0.6:
  version "4.0.6"
  resolved "https://registry.yarnpkg.com/lodash.isplainobject/-/lodash.isplainobject-4.0.6.tgz#7c526a52d89b45c45cc690b88163be0497f550cb"
  integrity sha512-oSXzaWypCMHkPC3NvBEaPHf0KsA5mvPrOPgQWDsbg8n7orZ290M0BmC/jgRZ4vcJ6DTAhjrsSYgdsW/F+MFOBA==

lodash.isstring@^4.0.1:
  version "4.0.1"
  resolved "https://registry.yarnpkg.com/lodash.isstring/-/lodash.isstring-4.0.1.tgz#d527dfb5456eca7cc9bb95d5daeaf88ba54a5451"
  integrity sha512-0wJxfxH1wgO3GrbuP+dTTk7op+6L41QCXbGINEmD+ny/G/eCqGzxyCsh7159S+mgDDcoarnBw6PC1PS5+wUGgw==

lodash.once@^4.0.0:
  version "4.1.1"
  resolved "https://registry.yarnpkg.com/lodash.once/-/lodash.once-4.1.1.tgz#0dd3971213c7c56df880977d504c88fb471a97ac"
  integrity sha512-Sb487aTOCr9drQVL8pIxOzVhafOjZN9UU54hiN8PU3uAiSV7lx1yYNpbNmex2PK6dSJoNTSJUUswT651yww3Mg==

lru-cache@^6.0.0:
  version "6.0.0"
  resolved "https://registry.yarnpkg.com/lru-cache/-/lru-cache-6.0.0.tgz#6d6fe6570ebd96aaf90fcad1dafa3b2566db3a94"
  integrity sha512-Jo6dJ04CmSjuznwJSS3pUeWmd/H0ffTlkXXgwZi+eq1UCmqQwCh+eLsYOYCwY991i2Fah4h1BEMCx4qThGbsiA==
  dependencies:
    yallist "^4.0.0"

make-dir@^3.1.0:
  version "3.1.0"
  resolved "https://registry.yarnpkg.com/make-dir/-/make-dir-3.1.0.tgz#415e967046b3a7f1d185277d84aa58203726a13f"
  integrity sha512-g3FeP20LNwhALb/6Cz6Dd4F2ngze0jz7tbzrD2wAV+o9FeNHe4rL+yK2md0J/fiSf1sa1ADhXqi5+oVwOM/eGw==
  dependencies:
    semver "^6.0.0"

ms@^2.1.1:
  version "2.1.3"
  resolved "https://registry.yarnpkg.com/ms/-/ms-2.1.3.tgz#574c8138ce1d2b5861f0b44579dbadd60c6615b2"
  integrity sha512-6FlzubTLZG3J2a/NVCAleEhjzq5oxgHyaCU9yYXvcLsvoVaHJq/s5xXI6/XXP6tz7R9xAOtHnSO/tXtF3WRTlA==

nan@^2.15.0, nan@^2.16.0:
  version "2.16.0"
  resolved "https://registry.yarnpkg.com/nan/-/nan-2.16.0.tgz#664f43e45460fb98faf00edca0bb0d7b8dce7916"
  integrity sha512-UdAqHyFngu7TfQKsCBgAA6pWDkT8MAO7d0jyOecVhN5354xbLqdn8mV9Tat9gepAupm0bt2DbeaSC8vS52MuFA==

node-fetch@^2.6.7:
  version "2.6.7"
  resolved "https://registry.yarnpkg.com/node-fetch/-/node-fetch-2.6.7.tgz#24de9fba827e3b4ae44dc8b20256a379160052ad"
  integrity sha512-ZjMPFEfVx5j+y2yF35Kzx5sF7kDzxuDj6ziH4FFbOp87zKDZNx8yExJIb05OGF4Nlt9IHFIMBkRl41VdvcNdbQ==
  dependencies:
    whatwg-url "^5.0.0"

node-ssh@^13.0.0:
  version "13.0.0"
  resolved "https://registry.yarnpkg.com/node-ssh/-/node-ssh-13.0.0.tgz#5e24ea6ce9c73168544f26d680d8a867f07843ea"
  integrity sha512-8yfPvuB8z1M5rXFR8Z1Tl0a0M43N64VjZfjXRwOGCcImFphuXhMPniPksf1FkVj9djKbpHvLUMIVS399H9yCSQ==
  dependencies:
    is-stream "^2.0.0"
    make-dir "^3.1.0"
    sb-promise-queue "^2.1.0"
    sb-scandir "^3.1.0"
    shell-escape "^0.2.0"
    ssh2 "^1.5.0"

octokit@^2.0.7:
  version "2.0.7"
  resolved "https://registry.yarnpkg.com/octokit/-/octokit-2.0.7.tgz#7e6658ddcca234d8cc6ca9344403b516d3b2d136"
  integrity sha512-Rf+pY3fCphmS4jjLqQ+D0xS1U+Ry/pAZHLJNvsQksuj4aopl7qFLlV4Id2KIlaUpKZrUCPzOkLiZOaoEb47RZQ==
  dependencies:
    "@octokit/app" "^13.0.5"
    "@octokit/core" "^4.0.4"
    "@octokit/oauth-app" "^4.0.6"
    "@octokit/plugin-paginate-rest" "^4.0.0"
    "@octokit/plugin-rest-endpoint-methods" "^6.0.0"
    "@octokit/plugin-retry" "^3.0.9"
    "@octokit/plugin-throttling" "^4.0.1"
    "@octokit/types" "^7.0.0"

once@^1.4.0:
  version "1.4.0"
  resolved "https://registry.yarnpkg.com/once/-/once-1.4.0.tgz#583b1aa775961d4b113ac17d9c50baef9dd76bd1"
  integrity sha512-lNaJgI+2Q5URQBkccEKHTQOPaXdUxnZZElQTZY0MFUAuaEqe1E+Nyvgdz/aIyNi6Z9MzO5dv1H8n58/GELp3+w==
  dependencies:
    wrappy "1"

ping@^0.4.2:
  version "0.4.2"
  resolved "https://registry.yarnpkg.com/ping/-/ping-0.4.2.tgz#8ca8857f201281b5977fe765e7887d0477b5cf52"
  integrity sha512-1uAw0bzHtrPbPo2s6no06oZAzY6KqKclEJR1JRZKIHKXKlPdrz9N0/1MPPB+BbrvMjN3Mk0pcod3bfLNZFRo9w==
  dependencies:
    q "1.x"
    underscore "^1.12.0"

q@1.x:
  version "1.5.1"
  resolved "https://registry.yarnpkg.com/q/-/q-1.5.1.tgz#7e32f75b41381291d04611f1bf14109ac00651d7"
  integrity sha512-kV/CThkXo6xyFEZUugw/+pIOywXcDbFYgSct5cT3gqlbkBE1SJdwy6UQoZvodiWF/ckQLZyDE/Bu1M6gVu5lVw==

safe-buffer@^5.0.1:
  version "5.2.1"
  resolved "https://registry.yarnpkg.com/safe-buffer/-/safe-buffer-5.2.1.tgz#1eaf9fa9bdb1fdd4ec75f58f9cdb4e6b7827eec6"
  integrity sha512-rp3So07KcdmmKbGvgaNxQSJr7bGVSVk5S9Eq1F+ppbRo70+YeaDxkw5Dd8NPN+GD6bjnYm2VuPuCXmpuYvmCXQ==

safer-buffer@~2.1.0:
  version "2.1.2"
  resolved "https://registry.yarnpkg.com/safer-buffer/-/safer-buffer-2.1.2.tgz#44fa161b0187b9549dd84bb91802f9bd8385cd6a"
  integrity sha512-YZo3K82SD7Riyi0E1EQPojLz7kpepnSQI9IyPbHHg1XXXevb5dJI7tpyN2ADxGcQbHG7vcyRHk0cbwqcQriUtg==

sb-promise-queue@^2.1.0:
  version "2.1.0"
  resolved "https://registry.yarnpkg.com/sb-promise-queue/-/sb-promise-queue-2.1.0.tgz#7e44bebef643f75d809a3db7f605b815d877a04d"
  integrity sha512-zwq4YuP1FQFkGx2Q7GIkZYZ6PqWpV+bg0nIO1sJhWOyGyhqbj0MsTvK6lCFo5TQwX5pZr6SCQ75e8PCDCuNvkg==

sb-scandir@^3.1.0:
  version "3.1.0"
  resolved "https://registry.yarnpkg.com/sb-scandir/-/sb-scandir-3.1.0.tgz#31c346abb5184b73c5a25b286858f4299aa8756c"
  integrity sha512-70BVm2xz9jn94zSQdpvYrEG101/UV9TVGcfWr9T5iob3QhCK4lYXeculfBqPGFv3XTeKgx4dpWyYIDeZUqo4kg==
  dependencies:
    sb-promise-queue "^2.1.0"

semver@^5.6.0:
  version "5.7.1"
  resolved "https://registry.yarnpkg.com/semver/-/semver-5.7.1.tgz#a954f931aeba508d307bbf069eff0c01c96116f7"
  integrity sha512-sauaDf/PZdVgrLTNYHRtpXa1iRiKcaebiKQ1BJdpQlWH2lCvexQdX55snPFyK7QzpudqbCI0qXFfOasHdyNDGQ==

semver@^6.0.0:
  version "6.3.0"
  resolved "https://registry.yarnpkg.com/semver/-/semver-6.3.0.tgz#ee0a64c8af5e8ceea67687b133761e1becbd1d3d"
  integrity sha512-b39TBaTSfV6yBrapU89p5fKekE2m/NwnDocOVruQFS1/veMgdzuPcnOM34M6CwxW8jH/lxEa5rBoDeUwu5HHTw==

shell-escape@^0.2.0:
  version "0.2.0"
  resolved "https://registry.yarnpkg.com/shell-escape/-/shell-escape-0.2.0.tgz#68fd025eb0490b4f567a027f0bf22480b5f84133"
  integrity sha512-uRRBT2MfEOyxuECseCZd28jC1AJ8hmqqneWQ4VWUTgCAFvb3wKU1jLqj6egC4Exrr88ogg3dp+zroH4wJuaXzw==

ssh2@^1.5.0:
  version "1.11.0"
  resolved "https://registry.yarnpkg.com/ssh2/-/ssh2-1.11.0.tgz#ce60186216971e12f6deb553dcf82322498fe2e4"
  integrity sha512-nfg0wZWGSsfUe/IBJkXVll3PEZ//YH2guww+mP88gTpuSU4FtZN7zu9JoeTGOyCNx2dTDtT9fOpWwlzyj4uOOw==
  dependencies:
    asn1 "^0.2.4"
    bcrypt-pbkdf "^1.0.2"
  optionalDependencies:
    cpu-features "~0.0.4"
    nan "^2.16.0"

template-literal@^1.0.4:
  version "1.0.4"
  resolved "https://registry.yarnpkg.com/template-literal/-/template-literal-1.0.4.tgz#9cfeb9f38922647048c76c02e716a8d609c81fc5"
  integrity sha512-agK7G5gEHyBULuXCHm7vlTB2K8wlxktoF/rTinxyJTGkK8BPeECfTULcscx2p6nrQCr/VvWGzP70HOY1vbDcKw==

tr46@~0.0.3:
  version "0.0.3"
  resolved "https://registry.yarnpkg.com/tr46/-/tr46-0.0.3.tgz#8184fd347dac9cdc185992f3a6622e14b9d9ab6a"
  integrity sha512-N3WMsuqV66lT30CrXNbEjx4GEwlow3v6rr4mCcv6prnfwhS01rkgyFdjPNBYd9br7LpXV1+Emh01fHnq2Gdgrw==

tweetnacl@^0.14.3:
  version "0.14.5"
  resolved "https://registry.yarnpkg.com/tweetnacl/-/tweetnacl-0.14.5.tgz#5ae68177f192d4456269d108afa93ff8743f4f64"
  integrity sha512-KXXFFdAbFXY4geFIwoyNK+f5Z1b7swfXABfL7HXCmoIWMKU3dmS26672A4EeQtDzLKy7SXmfBu51JolvEKwtGA==

underscore@^1.12.0:
  version "1.13.4"
  resolved "https://registry.yarnpkg.com/underscore/-/underscore-1.13.4.tgz#7886b46bbdf07f768e0052f1828e1dcab40c0dee"
  integrity sha512-BQFnUDuAQ4Yf/cYY5LNrK9NCJFKriaRbD9uR1fTeXnBeoa97W0i41qkZfGO9pSo8I5KzjAcSY2XYtdf0oKd7KQ==

universal-github-app-jwt@^1.0.1:
  version "1.1.0"
  resolved "https://registry.yarnpkg.com/universal-github-app-jwt/-/universal-github-app-jwt-1.1.0.tgz#0abaa876101cdf1d3e4c546be2768841c0c1b514"
  integrity sha512-3b+ocAjjz4JTyqaOT+NNBd5BtTuvJTxWElIoeHSVelUV9J3Jp7avmQTdLKCaoqi/5Ox2o/q+VK19TJ233rVXVQ==
  dependencies:
    "@types/jsonwebtoken" "^8.3.3"
    jsonwebtoken "^8.5.1"

universal-user-agent@^6.0.0:
  version "6.0.0"
  resolved "https://registry.yarnpkg.com/universal-user-agent/-/universal-user-agent-6.0.0.tgz#3381f8503b251c0d9cd21bc1de939ec9df5480ee"
  integrity sha512-isyNax3wXoKaulPDZWHQqbmIx1k2tb9fb3GGDBRxCscfYV2Ch7WxPArBsFEG8s/safwXTT7H4QGhaIkTp9447w==

waves-masters@^2.3.1:
  version "2.3.1"
  resolved "https://registry.yarnpkg.com/waves-masters/-/waves-masters-2.3.1.tgz#d3cac59da48c44e96df31ed725ade0baa6006180"
  integrity sha512-PM61ogaF2T6+wdab3Cxxuk70Heyi1gxeYZM6LiV+UwQ5/C67wuKDEKlECqLT3Cy3zRDj7igZyySGReRY5Z3MvA==

webidl-conversions@^3.0.0:
  version "3.0.1"
  resolved "https://registry.yarnpkg.com/webidl-conversions/-/webidl-conversions-3.0.1.tgz#24534275e2a7bc6be7bc86611cc16ae0a5654871"
  integrity sha512-2JAn3z8AR6rjK8Sm8orRC0h/bcl/DqL7tRPdGZ4I1CjdF+EaMLmYxBHyXuKL849eucPFhvBoxMsflfOb8kxaeQ==

webidl2@^24.2.0:
  version "24.2.2"
  resolved "https://registry.yarnpkg.com/webidl2/-/webidl2-24.2.2.tgz#737132152bb1e2c4ae3a5839b663edb51cf0b8eb"
  integrity sha512-4l1lBuUqfNBZDzQfG0dpM2haInTZ+IRnXwbWn9Oc49boPTlXQS8Hpg4GK4kE7M+504ZUKCwzBxtQR/0wPVokUw==

whatwg-url@^5.0.0:
  version "5.0.0"
  resolved "https://registry.yarnpkg.com/whatwg-url/-/whatwg-url-5.0.0.tgz#966454e8765462e37644d3626f6742ce8b70965d"
  integrity sha512-saE57nupxk6v3HY35+jzBwYa0rKSy0XR8JSxZPwgLr7ys0IBzhGviA1/TUGJLmSVqs8pb9AnvICXEuOHLprYTw==
  dependencies:
    tr46 "~0.0.3"
    webidl-conversions "^3.0.0"

wrappy@1:
  version "1.0.2"
  resolved "https://registry.yarnpkg.com/wrappy/-/wrappy-1.0.2.tgz#b5243d8f3ec1aa35f1364605bc0d1036e30ab69f"
  integrity sha512-l4Sp/DRseor9wL6EvV2+TuQn63dMkPjZ/sp9XkghTEbV9KlPS1xUsZ3u7/IQO4wxtcFB4bgpQPRcR3QCvezPcQ==

yallist@^4.0.0:
  version "4.0.0"
  resolved "https://registry.yarnpkg.com/yallist/-/yallist-4.0.0.tgz#9bb92790d9c0effec63be73519e11a35019a3a72"
  integrity sha512-3wdGidZyq5PB084XLES5TpOSRA3wjXAlIWMhum2kRcv/41Sn2emQ0dycQW4uZXLejwKvg6EsvbdlVL+FYEct7A==
