{
  "name": "examples",
  "version": "1.0.0",
  "lockfileVersion": 1,
  "requires": true,
  "dependencies": {
    "waves-masters": {
      "version": "2.3.1",
      "resolved": "https://registry.npmjs.org/waves-masters/-/waves-masters-2.3.1.tgz",
      "integrity": "sha512-PM61ogaF2T6+wdab3Cxxuk70Heyi1gxeYZM6LiV+UwQ5/C67wuKDEKlECqLT3Cy3zRDj7igZyySGReRY5Z3MvA=="
    }
  }
}
